
Microsoft Visual Studio Solution File, Format Version 12.00
# Visual Studio Version 16
VisualStudioVersion = 16.0.31727.386
MinimumVisualStudioVersion = 10.0.40219.1
Project("{FAE04EC0-301F-11D3-BF4B-00C04F79EFBC}") = "Md.FileProcessor", "Md.FileProcessor\Md.FileProcessor.csproj", "{C75589DA-2EE8-4128-B042-317C910BCB8C}"
EndProject
Project("{FAE04EC0-301F-11D3-BF4B-00C04F79EFBC}") = "Md.Console", "Md.Console\Md.Console.csproj", "{3BBB59DC-47F5-4CD7-B50C-267617E3065E}"
EndProject
Global
	GlobalSection(SolutionConfigurationPlatforms) = preSolution
		Debug|Any CPU = Debug|Any CPU
		Release|Any CPU = Release|Any CPU
	EndGlobalSection
	GlobalSection(ProjectConfigurationPlatforms) = postSolution
		{C75589DA-2EE8-4128-B042-317C910BCB8C}.Debug|Any CPU.ActiveCfg = Debug|Any CPU
		{C75589DA-2EE8-4128-B042-317C910BCB8C}.Debug|Any CPU.Build.0 = Debug|Any CPU
		{C75589DA-2EE8-4128-B042-317C910BCB8C}.Release|Any CPU.ActiveCfg = Release|Any CPU
		{C75589DA-2EE8-4128-B042-317C910BCB8C}.Release|Any CPU.Build.0 = Release|Any CPU
		{3BBB59DC-47F5-4CD7-B50C-267617E3065E}.Debug|Any CPU.ActiveCfg = Debug|Any CPU
		{3BBB59DC-47F5-4CD7-B50C-267617E3065E}.Debug|Any CPU.Build.0 = Debug|Any CPU
		{3BBB59DC-47F5-4CD7-B50C-267617E3065E}.Release|Any CPU.ActiveCfg = Release|Any CPU
		{3BBB59DC-47F5-4CD7-B50C-267617E3065E}.Release|Any CPU.Build.0 = Release|Any CPU
	EndGlobalSection
	GlobalSection(SolutionProperties) = preSolution
		HideSolutionNode = FALSE
	EndGlobalSection
	GlobalSection(ExtensibilityGlobals) = postSolution
		SolutionGuid = {45FA2C36-7DE8-452F-BA4C-0B81FA63267C}
	EndGlobalSection
EndGlobal
